
Microsoft Visual Studio Solution File, Format Version 12.00
# Visual Studio Version 16
VisualStudioVersion = 16.0.30907.101
MinimumVisualStudioVersion = 10.0.40219.1
Project("{9A19103F-16F7-4668-BE54-9A1E7A4F7556}") = "LuaTemplateGen", "LuaTemplateGen\LuaTemplateGen.csproj", "{DC3F0B2E-42E0-42C2-B750-E7698C1BF699}"
EndProject
Global
	GlobalSection(SolutionConfigurationPlatforms) = preSolution
		Debug|Any CPU = Debug|Any CPU
		Release|Any CPU = Release|Any CPU
	EndGlobalSection
	GlobalSection(ProjectConfigurationPlatforms) = postSolution
		{DC3F0B2E-42E0-42C2-B750-E7698C1BF699}.Debug|Any CPU.ActiveCfg = Debug|Any CPU
		{DC3F0B2E-42E0-42C2-B750-E7698C1BF699}.Debug|Any CPU.Build.0 = Debug|Any CPU
		{DC3F0B2E-42E0-42C2-B750-E7698C1BF699}.Release|Any CPU.ActiveCfg = Release|Any CPU
		{DC3F0B2E-42E0-42C2-B750-E7698C1BF699}.Release|Any CPU.Build.0 = Release|Any CPU
	EndGlobalSection
	GlobalSection(SolutionProperties) = preSolution
		HideSolutionNode = FALSE
	EndGlobalSection
	GlobalSection(ExtensibilityGlobals) = postSolution
		SolutionGuid = {19A6C80F-615E-4813-87FB-DD386534D44B}
	EndGlobalSection
EndGlobal
